
Microsoft Visual Studio Solution File, Format Version 12.00
# Visual Studio Version 17
VisualStudioVersion = 17.10.35027.167
MinimumVisualStudioVersion = 10.0.40219.1
Project("{FAE04EC0-301F-11D3-BF4B-00C04F79EFBC}") = "RuneLib", "RuneLib.csproj", "{D889017F-7011-4F34-8C9D-0E6D489C9CFE}"
EndProject
Global
	GlobalSection(SolutionConfigurationPlatforms) = preSolution
		Debug|Any CPU = Debug|Any CPU
		Release|Any CPU = Release|Any CPU
	EndGlobalSection
	GlobalSection(ProjectConfigurationPlatforms) = postSolution
		{D889017F-7011-4F34-8C9D-0E6D489C9CFE}.Debug|Any CPU.ActiveCfg = Debug|Any CPU
		{D889017F-7011-4F34-8C9D-0E6D489C9CFE}.Debug|Any CPU.Build.0 = Debug|Any CPU
		{D889017F-7011-4F34-8C9D-0E6D489C9CFE}.Release|Any CPU.ActiveCfg = Release|Any CPU
		{D889017F-7011-4F34-8C9D-0E6D489C9CFE}.Release|Any CPU.Build.0 = Release|Any CPU
	EndGlobalSection
	GlobalSection(SolutionProperties) = preSolution
		HideSolutionNode = FALSE
	EndGlobalSection
	GlobalSection(ExtensibilityGlobals) = postSolution
		SolutionGuid = {E5F5BE44-2CE1-4AC6-8F5D-569F034EAE1F}
	EndGlobalSection
EndGlobal
